// !$*UTF8*$!
{
	archiveVersion = 1;
	classes = {
	};
	objectVersion = 46;
	objects = {

/* Begin PBXBuildFile section */
		83276ADF1474AA8700CB8995 /* UIKit.framework in Frameworks */ = {isa = PBXBuildFile; fileRef = 83276ADE1474AA8700CB8995 /* UIKit.framework */; };
		83276AE11474AA8700CB8995 /* Foundation.framework in Frameworks */ = {isa = PBXBuildFile; fileRef = 83276AE01474AA8700CB8995 /* Foundation.framework */; };
		83276AE31474AA8700CB8995 /* CoreGraphics.framework in Frameworks */ = {isa = PBXBuildFile; fileRef = 83276AE21474AA8700CB8995 /* CoreGraphics.framework */; };
		83276AE91474AA8700CB8995 /* InfoPlist.strings in Resources */ = {isa = PBXBuildFile; fileRef = 83276AE71474AA8700CB8995 /* InfoPlist.strings */; };
		83276AEB1474AA8700CB8995 /* main.m in Sources */ = {isa = PBXBuildFile; fileRef = 83276AEA1474AA8700CB8995 /* main.m */; };
		83276AEF1474AA8700CB8995 /* LanternAppDelegate.m in Sources */ = {isa = PBXBuildFile; fileRef = 83276AEE1474AA8700CB8995 /* LanternAppDelegate.m */; };
		83276AF21474AA8700CB8995 /* MainWindow.xib in Resources */ = {isa = PBXBuildFile; fileRef = 83276AF01474AA8700CB8995 /* MainWindow.xib */; };
		83276AF51474AA8700CB8995 /* LanternViewController.m in Sources */ = {isa = PBXBuildFile; fileRef = 83276AF41474AA8700CB8995 /* LanternViewController.m */; };
		83276AF81474AA8700CB8995 /* LanternViewController.xib in Resources */ = {isa = PBXBuildFile; fileRef = 83276AF61474AA8700CB8995 /* LanternViewController.xib */; };
/* End PBXBuildFile section */

/* Begin PBXFileReference section */
		83276ADA1474AA8700CB8995 /* Lantern.app */ = {isa = PBXFileReference; explicitFileType = wrapper.application; includeInIndex = 0; path = Lantern.app; sourceTree = BUILT_PRODUCTS_DIR; };
		83276ADE1474AA8700CB8995 /* UIKit.framework */ = {isa = PBXFileReference; lastKnownFileType = wrapper.framework; name = UIKit.framework; path = System/Library/Frameworks/UIKit.framework; sourceTree = SDKROOT; };
		83276AE01474AA8700CB8995 /* Foundation.framework */ = {isa = PBXFileReference; lastKnownFileType = wrapper.framework; name = Foundation.framework; path = System/Library/Frameworks/Foundation.framework; sourceTree = SDKROOT; };
		83276AE21474AA8700CB8995 /* CoreGraphics.framework */ = {isa = PBXFileReference; lastKnownFileType = wrapper.framework; name = CoreGraphics.framework; path = System/Library/Frameworks/CoreGraphics.framework; sourceTree = SDKROOT; };
		83276AE61474AA8700CB8995 /* Lantern-Info.plist */ = {isa = PBXFileReference; path = "Lantern-Info.plist"; sourceTree = "<group>"; };
		83276AE81474AA8700CB8995 /* en */ = {isa = PBXFileReference; lastKnownFileType = text.plist.strings; name = en; path = en.lproj/InfoPlist.strings; sourceTree = "<group>"; };
		83276AEA1474AA8700CB8995 /* main.m */ = {isa = PBXFileReference; lastKnownFileType = sourcecode.c.objc; path = main.m; sourceTree = "<group>"; };
		83276AEC1474AA8700CB8995 /* Lantern-Prefix.pch */ = {isa = PBXFileReference; path = "Lantern-Prefix.pch"; sourceTree = "<group>"; };
		83276AED1474AA8700CB8995 /* LanternAppDelegate.h */ = {isa = PBXFileReference; path = LanternAppDelegate.h; sourceTree = "<group>"; };
		83276AEE1474AA8700CB8995 /* LanternAppDelegate.m */ = {isa = PBXFileReference; lastKnownFileType = sourcecode.c.objc; path = LanternAppDelegate.m; sourceTree = "<group>"; };
		83276AF11474AA8700CB8995 /* en */ = {isa = PBXFileReference; lastKnownFileType = file.xib; name = en; path = en.lproj/MainWindow.xib; sourceTree = "<group>"; };
		83276AF31474AA8700CB8995 /* LanternViewController.h */ = {isa = PBXFileReference; path = LanternViewController.h; sourceTree = "<group>"; };
		83276AF41474AA8700CB8995 /* LanternViewController.m */ = {isa = PBXFileReference; lastKnownFileType = sourcecode.c.objc; path = LanternViewController.m; sourceTree = "<group>"; };
		83276AF71474AA8700CB8995 /* en */ = {isa = PBXFileReference; lastKnownFileType = file.xib; name = en; path = en.lproj/LanternViewController.xib; sourceTree = "<group>"; };
/* End PBXFileReference section */

/* Begin PBXFrameworksBuildPhase section */
		83276AD71474AA8700CB8995 /* Frameworks */ = {
			isa = PBXFrameworksBuildPhase;
			buildActionMask = 2147483647;
			files = (
				83276ADF1474AA8700CB8995 /* UIKit.framework in Frameworks */,
				83276AE11474AA8700CB8995 /* Foundation.framework in Frameworks */,
				83276AE31474AA8700CB8995 /* CoreGraphics.framework in Frameworks */,
			);
			runOnlyForDeploymentPostprocessing = 0;
		};
/* End PBXFrameworksBuildPhase section */

/* Begin PBXGroup section */
		83276ACF1474AA8700CB8995 = {
			isa = PBXGroup;
			children = (
				83276AE41474AA8700CB8995 /* Lantern */,
				83276ADD1474AA8700CB8995 /* Frameworks */,
				83276ADB1474AA8700CB8995 /* Products */,
			);
			sourceTree = "<group>";
		};
		83276ADB1474AA8700CB8995 /* Products */ = {
			isa = PBXGroup;
			children = (
				83276ADA1474AA8700CB8995 /* Lantern.app */,
			);
			name = Products;
			sourceTree = "<group>";
		};
		83276ADD1474AA8700CB8995 /* Frameworks */ = {
			isa = PBXGroup;
			children = (
				83276ADE1474AA8700CB8995 /* UIKit.framework */,
				83276AE01474AA8700CB8995 /* Foundation.framework */,
				83276AE21474AA8700CB8995 /* CoreGraphics.framework */,
			);
			name = Frameworks;
			sourceTree = "<group>";
		};
		83276AE41474AA8700CB8995 /* Lantern */ = {
			isa = PBXGroup;
			children = (
				83276AED1474AA8700CB8995 /* LanternAppDelegate.h */,
				83276AEE1474AA8700CB8995 /* LanternAppDelegate.m */,
				83276AF01474AA8700CB8995 /* MainWindow.xib */,
				83276AF31474AA8700CB8995 /* LanternViewController.h */,
				83276AF41474AA8700CB8995 /* LanternViewController.m */,
				83276AF61474AA8700CB8995 /* LanternViewController.xib */,
				83276AE51474AA8700CB8995 /* Supporting Files */,
			);
			path = Lantern;
			sourceTree = "<group>";
		};
		83276AE51474AA8700CB8995 /* Supporting Files */ = {
			isa = PBXGroup;
			children = (
				83276AE61474AA8700CB8995 /* Lantern-Info.plist */,
				83276AE71474AA8700CB8995 /* InfoPlist.strings */,
				83276AEA1474AA8700CB8995 /* main.m */,
				83276AEC1474AA8700CB8995 /* Lantern-Prefix.pch */,
			);
			name = "Supporting Files";
			sourceTree = "<group>";
		};
/* End PBXGroup section */

/* Begin PBXNativeTarget section */
		83276AD91474AA8700CB8995 /* Lantern */ = {
			isa = PBXNativeTarget;
			buildConfigurationList = 83276AFB1474AA8700CB8995 /* Build configuration list for PBXNativeTarget "Lantern" */;
			buildPhases = (
				83276AD61474AA8700CB8995 /* Sources */,
				83276AD71474AA8700CB8995 /* Frameworks */,
				83276AD81474AA8700CB8995 /* Resources */,
			);
			buildRules = (
			);
			dependencies = (
			);
			name = Lantern;
			productName = Lantern;
			productReference = 83276ADA1474AA8700CB8995 /* Lantern.app */;
			productType = "com.apple.product-type.application";
		};
/* End PBXNativeTarget section */

/* Begin PBXProject section */
		83276AD11474AA8700CB8995 /* Project object */ = {
			isa = PBXProject;
			buildConfigurationList = 83276AD41474AA8700CB8995 /* Build configuration list for PBXProject "Lantern" */;
			compatibilityVersion = "Xcode 3.2";
			developmentRegion = English;
			hasScannedForEncodings = 0;
			knownRegions = (
				en,
			);
			mainGroup = 83276ACF1474AA8700CB8995;
			productRefGroup = 83276ADB1474AA8700CB8995 /* Products */;
			projectDirPath = "";
			projectRoot = "";
			targets = (
				83276AD91474AA8700CB8995 /* Lantern */,
			);
		};
/* End PBXProject section */

/* Begin PBXResourcesBuildPhase section */
		83276AD81474AA8700CB8995 /* Resources */ = {
			isa = PBXResourcesBuildPhase;
			buildActionMask = 2147483647;
			files = (
				83276AE91474AA8700CB8995 /* InfoPlist.strings in Resources */,
				83276AF21474AA8700CB8995 /* MainWindow.xib in Resources */,
				83276AF81474AA8700CB8995 /* LanternViewController.xib in Resources */,
			);
			runOnlyForDeploymentPostprocessing = 0;
		};
/* End PBXResourcesBuildPhase section */

/* Begin PBXSourcesBuildPhase section */
		83276AD61474AA8700CB8995 /* Sources */ = {
			isa = PBXSourcesBuildPhase;
			buildActionMask = 2147483647;
			files = (
				83276AEB1474AA8700CB8995 /* main.m in Sources */,
				83276AEF1474AA8700CB8995 /* LanternAppDelegate.m in Sources */,
				83276AF51474AA8700CB8995 /* LanternViewController.m in Sources */,
			);
			runOnlyForDeploymentPostprocessing = 0;
		};
/* End PBXSourcesBuildPhase section */

/* Begin PBXVariantGroup section */
		83276AE71474AA8700CB8995 /* InfoPlist.strings */ = {
			isa = PBXVariantGroup;
			children = (
				83276AE81474AA8700CB8995 /* en */,
			);
			name = InfoPlist.strings;
			sourceTree = "<group>";
		};
		83276AF01474AA8700CB8995 /* MainWindow.xib */ = {
			isa = PBXVariantGroup;
			children = (
				83276AF11474AA8700CB8995 /* en */,
			);
			name = MainWindow.xib;
			sourceTree = "<group>";
		};
		83276AF61474AA8700CB8995 /* LanternViewController.xib */ = {
			isa = PBXVariantGroup;
			children = (
				83276AF71474AA8700CB8995 /* en */,
			);
			name = LanternViewController.xib;
			sourceTree = "<group>";
		};
/* End PBXVariantGroup section */

/* Begin XCBuildConfiguration section */
		83276AF91474AA8700CB8995 /* Debug */ = {
			isa = XCBuildConfiguration;
			buildSettings = {
				ALWAYS_SEARCH_USER_PATHS = NO;
				ARCHS = "$(ARCHS_STANDARD_32_BIT)";
				"CODE_SIGN_IDENTITY[sdk=iphoneos*]" = "iPhone Developer";
				COPY_PHASE_STRIP = NO;
				GCC_C_LANGUAGE_STANDARD = gnu99;
				GCC_DYNAMIC_NO_PIC = NO;
				GCC_OPTIMIZATION_LEVEL = 0;
				GCC_PREPROCESSOR_DEFINITIONS = (
					"DEBUG=1",
					"$(inherited)",
				);
				GCC_SYMBOLS_PRIVATE_EXTERN = NO;
				GCC_VERSION = com.apple.compilers.llvmgcc42;
				GCC_WARN_ABOUT_MISSING_PROTOTYPES = YES;
				GCC_WARN_ABOUT_RETURN_TYPE = YES;
				GCC_WARN_UNUSED_VARIABLE = YES;
				IPHONEOS_DEPLOYMENT_TARGET = 4.3;
				SDKROOT = iphoneos;
			};
			name = Debug;
		};
		83276AFA1474AA8700CB8995 /* Release */ = {
			isa = XCBuildConfiguration;
			buildSettings = {
				ALWAYS_SEARCH_USER_PATHS = NO;
				ARCHS = "$(ARCHS_STANDARD_32_BIT)";
				"CODE_SIGN_IDENTITY[sdk=iphoneos*]" = "iPhone Developer";
				COPY_PHASE_STRIP = YES;
				GCC_C_LANGUAGE_STANDARD = gnu99;
				GCC_VERSION = com.apple.compilers.llvmgcc42;
				GCC_WARN_ABOUT_MISSING_PROTOTYPES = YES;
				GCC_WARN_ABOUT_RETURN_TYPE = YES;
				GCC_WARN_UNUSED_VARIABLE = YES;
				IPHONEOS_DEPLOYMENT_TARGET = 4.3;
				OTHER_CFLAGS = "-DNS_BLOCK_ASSERTIONS=1";
				SDKROOT = iphoneos;
				VALIDATE_PRODUCT = YES;
			};
			name = Release;
		};
		83276AFC1474AA8700CB8995 /* Debug */ = {
			isa = XCBuildConfiguration;
			buildSettings = {
				GCC_PRECOMPILE_PREFIX_HEADER = YES;
				GCC_PREFIX_HEADER = "Lantern/Lantern-Prefix.pch";
				INFOPLIST_FILE = "Lantern/Lantern-Info.plist";
				PRODUCT_NAME = "$(TARGET_NAME)";
				WRAPPER_EXTENSION = app;
			};
			name = Debug;
		};
		83276AFD1474AA8700CB8995 /* Release */ = {
			isa = XCBuildConfiguration;
			buildSettings = {
				GCC_PRECOMPILE_PREFIX_HEADER = YES;
				GCC_PREFIX_HEADER = "Lantern/Lantern-Prefix.pch";
				INFOPLIST_FILE = "Lantern/Lantern-Info.plist";
				PRODUCT_NAME = "$(TARGET_NAME)";
				WRAPPER_EXTENSION = app;
			};
			name = Release;
		};
/* End XCBuildConfiguration section */

/* Begin XCConfigurationList section */
		83276AD41474AA8700CB8995 /* Build configuration list for PBXProject "Lantern" */ = {
			isa = XCConfigurationList;
			buildConfigurations = (
				83276AF91474AA8700CB8995 /* Debug */,
				83276AFA1474AA8700CB8995 /* Release */,
			);
			defaultConfigurationIsVisible = 0;
			defaultConfigurationName = Release;
		};
		83276AFB1474AA8700CB8995 /* Build configuration list for PBXNativeTarget "Lantern" */ = {
			isa = XCConfigurationList;
			buildConfigurations = (
				83276AFC1474AA8700CB8995 /* Debug */,
				83276AFD1474AA8700CB8995 /* Release */,
			);
			defaultConfigurationIsVisible = 0;
		};
/* End XCConfigurationList section */
	};
	rootObject = 83276AD11474AA8700CB8995 /* Project object */;
}
